
Microsoft Visual Studio Solution File, Format Version 12.00
# Visual Studio Version 17
VisualStudioVersion = 17.2.32616.157
MinimumVisualStudioVersion = 10.0.40219.1
Project("{FAE04EC0-301F-11D3-BF4B-00C04F79EFBC}") = "Hytone.Timberborn.Mods.CustomTopBar", "Hytone.Timberborn.Mods.CustomTopBar\Hytone.Timberborn.Mods.CustomTopBar.csproj", "{61786F75-E405-4DC1-8A52-C5F18E6C2DC8}"
EndProject
Project("{2150E333-8FDC-42A3-9474-1A3956D46DE8}") = "Solution items", "Solution items", "{A77C1956-3C80-42CA-B1BA-DC33DB535DC3}"
	ProjectSection(SolutionItems) = preProject
		FoodMaterials.png = FoodMaterials.png
		README.md = README.md
	EndProjectSection
EndProject
Global
	GlobalSection(SolutionConfigurationPlatforms) = preSolution
		Debug|Any CPU = Debug|Any CPU
		Release|Any CPU = Release|Any CPU
	EndGlobalSection
	GlobalSection(ProjectConfigurationPlatforms) = postSolution
		{61786F75-E405-4DC1-8A52-C5F18E6C2DC8}.Debug|Any CPU.ActiveCfg = Debug|Any CPU
		{61786F75-E405-4DC1-8A52-C5F18E6C2DC8}.Debug|Any CPU.Build.0 = Debug|Any CPU
		{61786F75-E405-4DC1-8A52-C5F18E6C2DC8}.Release|Any CPU.ActiveCfg = Release|Any CPU
		{61786F75-E405-4DC1-8A52-C5F18E6C2DC8}.Release|Any CPU.Build.0 = Release|Any CPU
	EndGlobalSection
	GlobalSection(SolutionProperties) = preSolution
		HideSolutionNode = FALSE
	EndGlobalSection
	GlobalSection(ExtensibilityGlobals) = postSolution
		SolutionGuid = {BEFF9042-CC99-484E-8F70-DCE22A872A3B}
	EndGlobalSection
EndGlobal
